--- 
specs: 
- rack: 
    version: 1.1.0
- sinatra: 
    version: 0.9.4
- nokogiri: 
    version: 1.4.1
hash: b9892e6e177e1b83c9cfcb6b96a67cf9aad63ac3
sources: 
- Rubygems: 
    uri: http://gemcutter.org
dependencies: 
  nokogiri: 
    version: ">= 0"
    group: 
    - :default
  sinatra: 
    version: ">= 0"
    group: 
    - :default
